
Microsoft Visual Studio Solution File, Format Version 11.00
# Visual Studio 2010
Project("{FAE04EC0-301F-11D3-BF4B-00C04F79EFBC}") = "JidoMapsExperimentation", "Assembly-CSharp.csproj", "{71B7583C-44BD-959B-C1C6-A92DFDC77749}"
EndProject
Project("{FAE04EC0-301F-11D3-BF4B-00C04F79EFBC}") = "JidoMapsExperimentation", "Assembly-CSharp-Editor.csproj", "{905D0F20-8626-8DEC-1BC0-918F1DE11D06}"
EndProject
Global
	GlobalSection(SolutionConfigurationPlatforms) = preSolution
		Debug|Any CPU = Debug|Any CPU
		Release|Any CPU = Release|Any CPU
	EndGlobalSection
	GlobalSection(ProjectConfigurationPlatforms) = postSolution
		{71B7583C-44BD-959B-C1C6-A92DFDC77749}.Debug|Any CPU.ActiveCfg = Debug|Any CPU
		{71B7583C-44BD-959B-C1C6-A92DFDC77749}.Debug|Any CPU.Build.0 = Debug|Any CPU
		{71B7583C-44BD-959B-C1C6-A92DFDC77749}.Release|Any CPU.ActiveCfg = Release|Any CPU
		{71B7583C-44BD-959B-C1C6-A92DFDC77749}.Release|Any CPU.Build.0 = Release|Any CPU
		{905D0F20-8626-8DEC-1BC0-918F1DE11D06}.Debug|Any CPU.ActiveCfg = Debug|Any CPU
		{905D0F20-8626-8DEC-1BC0-918F1DE11D06}.Debug|Any CPU.Build.0 = Debug|Any CPU
		{905D0F20-8626-8DEC-1BC0-918F1DE11D06}.Release|Any CPU.ActiveCfg = Release|Any CPU
		{905D0F20-8626-8DEC-1BC0-918F1DE11D06}.Release|Any CPU.Build.0 = Release|Any CPU
	EndGlobalSection
	GlobalSection(SolutionProperties) = preSolution
		HideSolutionNode = FALSE
	EndGlobalSection
	GlobalSection(MonoDevelopProperties) = preSolution
		StartupItem = Assembly-CSharp.csproj
	EndGlobalSection
EndGlobal
